// !$*UTF8*$!
{
	archiveVersion = 1;
	classes = {
	};
	objectVersion = 50;
	objects = {

/* Begin PBXBuildFile section */
		8F40CCD4244E83EA009CD90A /* GuestsHistoryVC.swift in Sources */ = {isa = PBXBuildFile; fileRef = 8F40CCD3244E83EA009CD90A /* GuestsHistoryVC.swift */; };
		8F53CEB4244288BA0083CD8F /* EventsTViCell.swift in Sources */ = {isa = PBXBuildFile; fileRef = 8F53CEB3244288BA0083CD8F /* EventsTViCell.swift */; };
		8F5A87CA244E063600CBC9F0 /* TextFVCustomization.swift in Sources */ = {isa = PBXBuildFile; fileRef = 8F5A87C9244E063600CBC9F0 /* TextFVCustomization.swift */; };
		8F5A87CD244E42CE00CBC9F0 /* UIViewExtension.swift in Sources */ = {isa = PBXBuildFile; fileRef = 8F5A87CC244E42CE00CBC9F0 /* UIViewExtension.swift */; };
		8F6E1C222447EDAF000234CD /* PersistenceRelevant.swift in Sources */ = {isa = PBXBuildFile; fileRef = 8F6E1C212447EDAF000234CD /* PersistenceRelevant.swift */; };
		8F74566C2437A84900135837 /* AppDelegate.swift in Sources */ = {isa = PBXBuildFile; fileRef = 8F74566B2437A84900135837 /* AppDelegate.swift */; };
		8F74566E2437A84900135837 /* SceneDelegate.swift in Sources */ = {isa = PBXBuildFile; fileRef = 8F74566D2437A84900135837 /* SceneDelegate.swift */; };
		8F7456702437A84900135837 /* GuestListVC.swift in Sources */ = {isa = PBXBuildFile; fileRef = 8F74566F2437A84900135837 /* GuestListVC.swift */; };
		8F7456782437A84B00135837 /* Assets.xcassets in Resources */ = {isa = PBXBuildFile; fileRef = 8F7456772437A84B00135837 /* Assets.xcassets */; };
		8F74567B2437A84B00135837 /* LaunchScreen.storyboard in Resources */ = {isa = PBXBuildFile; fileRef = 8F7456792437A84B00135837 /* LaunchScreen.storyboard */; };
		8F7456832437C68B00135837 /* GlobalConstants.swift in Sources */ = {isa = PBXBuildFile; fileRef = 8F7456822437C68B00135837 /* GlobalConstants.swift */; };
		8F745688243913B300135837 /* SubsequentVC.swift in Sources */ = {isa = PBXBuildFile; fileRef = 8F745687243913B300135837 /* SubsequentVC.swift */; };
		8F96D93D243BAFF9001531A1 /* EventSpecificsModel.swift in Sources */ = {isa = PBXBuildFile; fileRef = 8F96D93C243BAFF9001531A1 /* EventSpecificsModel.swift */; };
		8F9865D6243A880400A08A3D /* EventsVC.swift in Sources */ = {isa = PBXBuildFile; fileRef = 8F9865D5243A880400A08A3D /* EventsVC.swift */; };
		8F9865D9243A8C1200A08A3D /* TeburuBiewExtenxions.swift in Sources */ = {isa = PBXBuildFile; fileRef = 8F9865D8243A8C1200A08A3D /* TeburuBiewExtenxions.swift */; };
		8F9865DD243AD86D00A08A3D /* EventDetailsVC.swift in Sources */ = {isa = PBXBuildFile; fileRef = 8F9865DC243AD86D00A08A3D /* EventDetailsVC.swift */; };
		8F9998D3244530EE00E97332 /* GuestListTViCell.swift in Sources */ = {isa = PBXBuildFile; fileRef = 8F9998D2244530EE00E97332 /* GuestListTViCell.swift */; };
		8FB54F8A244D32EF00E39693 /* UnCategorized.swift in Sources */ = {isa = PBXBuildFile; fileRef = 8FB54F89244D32EF00E39693 /* UnCategorized.swift */; };
		8FBA9930244BD14E0020573F /* MenuBubbleTag.swift in Sources */ = {isa = PBXBuildFile; fileRef = 8FBA992F244BD14E0020573F /* MenuBubbleTag.swift */; };
		8FCEFD6E2446581B00ED986F /* GuestDetailsVC.swift in Sources */ = {isa = PBXBuildFile; fileRef = 8FCEFD6D2446581B00ED986F /* GuestDetailsVC.swift */; };
		8FD8525A2443B83200B52423 /* Main.storyboard in Resources */ = {isa = PBXBuildFile; fileRef = 8FD852582443B83100B52423 /* Main.storyboard */; };
		8FD8525C2443C8D100B52423 /* EvtDetailsTviCell.swift in Sources */ = {isa = PBXBuildFile; fileRef = 8FD8525B2443C8D100B52423 /* EvtDetailsTviCell.swift */; };
		8FD852602443CB7B00B52423 /* EDVCextenxions.swift in Sources */ = {isa = PBXBuildFile; fileRef = 8FD8525F2443CB7B00B52423 /* EDVCextenxions.swift */; };
		8FD86012243E45DB00F97660 /* NavigatoryControllatoryExtenxions.swift in Sources */ = {isa = PBXBuildFile; fileRef = 8FD86011243E45DB00F97660 /* NavigatoryControllatoryExtenxions.swift */; };
		8FE65216244FA808005D8347 /* TableFlowAnimated.swift in Sources */ = {isa = PBXBuildFile; fileRef = 8FE65215244FA808005D8347 /* TableFlowAnimated.swift */; };
/* End PBXBuildFile section */

/* Begin PBXFileReference section */
		8F40CCD3244E83EA009CD90A /* GuestsHistoryVC.swift */ = {isa = PBXFileReference; lastKnownFileType = sourcecode.swift; path = GuestsHistoryVC.swift; sourceTree = "<group>"; };
		8F53CEB3244288BA0083CD8F /* EventsTViCell.swift */ = {isa = PBXFileReference; lastKnownFileType = sourcecode.swift; path = EventsTViCell.swift; sourceTree = "<group>"; };
		8F5A87C9244E063600CBC9F0 /* TextFVCustomization.swift */ = {isa = PBXFileReference; lastKnownFileType = sourcecode.swift; path = TextFVCustomization.swift; sourceTree = "<group>"; };
		8F5A87CC244E42CE00CBC9F0 /* UIViewExtension.swift */ = {isa = PBXFileReference; lastKnownFileType = sourcecode.swift; path = UIViewExtension.swift; sourceTree = "<group>"; };
		8F6E1C212447EDAF000234CD /* PersistenceRelevant.swift */ = {isa = PBXFileReference; lastKnownFileType = sourcecode.swift; path = PersistenceRelevant.swift; sourceTree = "<group>"; };
		8F7456682437A84900135837 /* ShabbatShalom.app */ = {isa = PBXFileReference; explicitFileType = wrapper.application; includeInIndex = 0; path = ShabbatShalom.app; sourceTree = BUILT_PRODUCTS_DIR; };
		8F74566B2437A84900135837 /* AppDelegate.swift */ = {isa = PBXFileReference; lastKnownFileType = sourcecode.swift; path = AppDelegate.swift; sourceTree = "<group>"; };
		8F74566D2437A84900135837 /* SceneDelegate.swift */ = {isa = PBXFileReference; lastKnownFileType = sourcecode.swift; path = SceneDelegate.swift; sourceTree = "<group>"; };
		8F74566F2437A84900135837 /* GuestListVC.swift */ = {isa = PBXFileReference; lastKnownFileType = sourcecode.swift; path = GuestListVC.swift; sourceTree = "<group>"; };
		8F7456772437A84B00135837 /* Assets.xcassets */ = {isa = PBXFileReference; lastKnownFileType = folder.assetcatalog; path = Assets.xcassets; sourceTree = "<group>"; };
		8F74567A2437A84B00135837 /* Base */ = {isa = PBXFileReference; lastKnownFileType = file.storyboard; name = Base; path = Base.lproj/LaunchScreen.storyboard; sourceTree = "<group>"; };
		8F74567C2437A84B00135837 /* Info.plist */ = {isa = PBXFileReference; lastKnownFileType = text.plist.xml; path = Info.plist; sourceTree = "<group>"; };
		8F7456822437C68B00135837 /* GlobalConstants.swift */ = {isa = PBXFileReference; lastKnownFileType = sourcecode.swift; path = GlobalConstants.swift; sourceTree = "<group>"; };
		8F745687243913B300135837 /* SubsequentVC.swift */ = {isa = PBXFileReference; lastKnownFileType = sourcecode.swift; path = SubsequentVC.swift; sourceTree = "<group>"; };
		8F96D93C243BAFF9001531A1 /* EventSpecificsModel.swift */ = {isa = PBXFileReference; lastKnownFileType = sourcecode.swift; path = EventSpecificsModel.swift; sourceTree = "<group>"; };
		8F9865D5243A880400A08A3D /* EventsVC.swift */ = {isa = PBXFileReference; lastKnownFileType = sourcecode.swift; path = EventsVC.swift; sourceTree = "<group>"; };
		8F9865D8243A8C1200A08A3D /* TeburuBiewExtenxions.swift */ = {isa = PBXFileReference; lastKnownFileType = sourcecode.swift; path = TeburuBiewExtenxions.swift; sourceTree = "<group>"; };
		8F9865DC243AD86D00A08A3D /* EventDetailsVC.swift */ = {isa = PBXFileReference; lastKnownFileType = sourcecode.swift; path = EventDetailsVC.swift; sourceTree = "<group>"; };
		8F9998D2244530EE00E97332 /* GuestListTViCell.swift */ = {isa = PBXFileReference; lastKnownFileType = sourcecode.swift; path = GuestListTViCell.swift; sourceTree = "<group>"; };
		8FB54F89244D32EF00E39693 /* UnCategorized.swift */ = {isa = PBXFileReference; lastKnownFileType = sourcecode.swift; path = UnCategorized.swift; sourceTree = "<group>"; };
		8FBA992F244BD14E0020573F /* MenuBubbleTag.swift */ = {isa = PBXFileReference; lastKnownFileType = sourcecode.swift; path = MenuBubbleTag.swift; sourceTree = "<group>"; };
		8FCEFD6D2446581B00ED986F /* GuestDetailsVC.swift */ = {isa = PBXFileReference; lastKnownFileType = sourcecode.swift; path = GuestDetailsVC.swift; sourceTree = "<group>"; };
		8FD852592443B83100B52423 /* Base */ = {isa = PBXFileReference; lastKnownFileType = file.storyboard; name = Base; path = Base.lproj/Main.storyboard; sourceTree = "<group>"; };
		8FD8525B2443C8D100B52423 /* EvtDetailsTviCell.swift */ = {isa = PBXFileReference; lastKnownFileType = sourcecode.swift; path = EvtDetailsTviCell.swift; sourceTree = "<group>"; };
		8FD8525F2443CB7B00B52423 /* EDVCextenxions.swift */ = {isa = PBXFileReference; lastKnownFileType = sourcecode.swift; path = EDVCextenxions.swift; sourceTree = "<group>"; };
		8FD86011243E45DB00F97660 /* NavigatoryControllatoryExtenxions.swift */ = {isa = PBXFileReference; lastKnownFileType = sourcecode.swift; path = NavigatoryControllatoryExtenxions.swift; sourceTree = "<group>"; };
		8FE65215244FA808005D8347 /* TableFlowAnimated.swift */ = {isa = PBXFileReference; lastKnownFileType = sourcecode.swift; path = TableFlowAnimated.swift; sourceTree = "<group>"; };
/* End PBXFileReference section */

/* Begin PBXFrameworksBuildPhase section */
		8F7456652437A84900135837 /* Frameworks */ = {
			isa = PBXFrameworksBuildPhase;
			buildActionMask = 2147483647;
			files = (
			);
			runOnlyForDeploymentPostprocessing = 0;
		};
/* End PBXFrameworksBuildPhase section */

/* Begin PBXGroup section */
		8F53CEB524428E110083CD8F /* Models */ = {
			isa = PBXGroup;
			children = (
				8F7456822437C68B00135837 /* GlobalConstants.swift */,
				8F6E1C212447EDAF000234CD /* PersistenceRelevant.swift */,
				8FB54F89244D32EF00E39693 /* UnCategorized.swift */,
				8F96D93C243BAFF9001531A1 /* EventSpecificsModel.swift */,
			);
			path = Models;
			sourceTree = "<group>";
		};
		8F53CEB624428EB00083CD8F /* Custom Cells */ = {
			isa = PBXGroup;
			children = (
				8F9865D5243A880400A08A3D /* EventsVC.swift */,
				8F9998D2244530EE00E97332 /* GuestListTViCell.swift */,
				8F53CEB3244288BA0083CD8F /* EventsTViCell.swift */,
				8FD8525B2443C8D100B52423 /* EvtDetailsTviCell.swift */,
			);
			path = "Custom Cells";
			sourceTree = "<group>";
		};
		8F5A87CB244E0A8300CBC9F0 /* Views */ = {
			isa = PBXGroup;
			children = (
				8F5A87C9244E063600CBC9F0 /* TextFVCustomization.swift */,
				8FE65215244FA808005D8347 /* TableFlowAnimated.swift */,
				8FBA992F244BD14E0020573F /* MenuBubbleTag.swift */,
			);
			path = Views;
			sourceTree = "<group>";
		};
		8F74565F2437A84900135837 = {
			isa = PBXGroup;
			children = (
				8F74566A2437A84900135837 /* ShabbatShalom */,
				8F7456692437A84900135837 /* Products */,
			);
			sourceTree = "<group>";
		};
		8F7456692437A84900135837 /* Products */ = {
			isa = PBXGroup;
			children = (
				8F7456682437A84900135837 /* ShabbatShalom.app */,
			);
			name = Products;
			sourceTree = "<group>";
		};
		8F74566A2437A84900135837 /* ShabbatShalom */ = {
			isa = PBXGroup;
			children = (
				8F74566B2437A84900135837 /* AppDelegate.swift */,
				8F74566D2437A84900135837 /* SceneDelegate.swift */,
				8FD852582443B83100B52423 /* Main.storyboard */,
				8F40CCD3244E83EA009CD90A /* GuestsHistoryVC.swift */,
				8F53CEB624428EB00083CD8F /* Custom Cells */,
				8FD852612443CBB900B52423 /* Extenxions */,
				8F5A87CB244E0A8300CBC9F0 /* Views */,
				8F53CEB524428E110083CD8F /* Models */,
				8F9865DC243AD86D00A08A3D /* EventDetailsVC.swift */,
				8F745687243913B300135837 /* SubsequentVC.swift */,
				8FCEFD6D2446581B00ED986F /* GuestDetailsVC.swift */,
				8F74566F2437A84900135837 /* GuestListVC.swift */,
				8F7456772437A84B00135837 /* Assets.xcassets */,
				8F7456792437A84B00135837 /* LaunchScreen.storyboard */,
				8F74567C2437A84B00135837 /* Info.plist */,
				8F9865D7243A8A4500A08A3D /* View Controller Collections */,
			);
			path = ShabbatShalom;
			sourceTree = "<group>";
		};
		8F9865D7243A8A4500A08A3D /* View Controller Collections */ = {
			isa = PBXGroup;
			children = (
			);
			path = "View Controller Collections";
			sourceTree = "<group>";
		};
		8FD852612443CBB900B52423 /* Extenxions */ = {
			isa = PBXGroup;
			children = (
				8F9865D8243A8C1200A08A3D /* TeburuBiewExtenxions.swift */,
				8F5A87CC244E42CE00CBC9F0 /* UIViewExtension.swift */,
				8FD86011243E45DB00F97660 /* NavigatoryControllatoryExtenxions.swift */,
				8FD8525F2443CB7B00B52423 /* EDVCextenxions.swift */,
			);
			path = Extenxions;
			sourceTree = "<group>";
		};
/* End PBXGroup section */

/* Begin PBXNativeTarget section */
		8F7456672437A84900135837 /* ShabbatShalom */ = {
			isa = PBXNativeTarget;
			buildConfigurationList = 8F74567F2437A84B00135837 /* Build configuration list for PBXNativeTarget "ShabbatShalom" */;
			buildPhases = (
				8F7456642437A84900135837 /* Sources */,
				8F7456652437A84900135837 /* Frameworks */,
				8F7456662437A84900135837 /* Resources */,
			);
			buildRules = (
			);
			dependencies = (
			);
			name = ShabbatShalom;
			productName = ShabbatShalom;
			productReference = 8F7456682437A84900135837 /* ShabbatShalom.app */;
			productType = "com.apple.product-type.application";
		};
/* End PBXNativeTarget section */

/* Begin PBXProject section */
		8F7456602437A84900135837 /* Project object */ = {
			isa = PBXProject;
			attributes = {
				LastSwiftUpdateCheck = 1120;
				LastUpgradeCheck = 1120;
				ORGANIZATIONNAME = "Jerry Ren";
				TargetAttributes = {
					8F7456672437A84900135837 = {
						CreatedOnToolsVersion = 11.2;
					};
				};
			};
			buildConfigurationList = 8F7456632437A84900135837 /* Build configuration list for PBXProject "ShabbatShalom" */;
			compatibilityVersion = "Xcode 9.3";
			developmentRegion = en;
			hasScannedForEncodings = 0;
			knownRegions = (
				en,
				Base,
			);
			mainGroup = 8F74565F2437A84900135837;
			productRefGroup = 8F7456692437A84900135837 /* Products */;
			projectDirPath = "";
			projectRoot = "";
			targets = (
				8F7456672437A84900135837 /* ShabbatShalom */,
			);
		};
/* End PBXProject section */

/* Begin PBXResourcesBuildPhase section */
		8F7456662437A84900135837 /* Resources */ = {
			isa = PBXResourcesBuildPhase;
			buildActionMask = 2147483647;
			files = (
				8FD8525A2443B83200B52423 /* Main.storyboard in Resources */,
				8F74567B2437A84B00135837 /* LaunchScreen.storyboard in Resources */,
				8F7456782437A84B00135837 /* Assets.xcassets in Resources */,
			);
			runOnlyForDeploymentPostprocessing = 0;
		};
/* End PBXResourcesBuildPhase section */

/* Begin PBXSourcesBuildPhase section */
		8F7456642437A84900135837 /* Sources */ = {
			isa = PBXSourcesBuildPhase;
			buildActionMask = 2147483647;
			files = (
				8FBA9930244BD14E0020573F /* MenuBubbleTag.swift in Sources */,
				8F9865D9243A8C1200A08A3D /* TeburuBiewExtenxions.swift in Sources */,
				8F7456702437A84900135837 /* GuestListVC.swift in Sources */,
				8F96D93D243BAFF9001531A1 /* EventSpecificsModel.swift in Sources */,
				8F74566C2437A84900135837 /* AppDelegate.swift in Sources */,
				8F7456832437C68B00135837 /* GlobalConstants.swift in Sources */,
				8F74566E2437A84900135837 /* SceneDelegate.swift in Sources */,
				8F9865D6243A880400A08A3D /* EventsVC.swift in Sources */,
				8F9865DD243AD86D00A08A3D /* EventDetailsVC.swift in Sources */,
				8FB54F8A244D32EF00E39693 /* UnCategorized.swift in Sources */,
				8F5A87CD244E42CE00CBC9F0 /* UIViewExtension.swift in Sources */,
				8F9998D3244530EE00E97332 /* GuestListTViCell.swift in Sources */,
				8F53CEB4244288BA0083CD8F /* EventsTViCell.swift in Sources */,
				8F40CCD4244E83EA009CD90A /* GuestsHistoryVC.swift in Sources */,
				8F6E1C222447EDAF000234CD /* PersistenceRelevant.swift in Sources */,
				8F745688243913B300135837 /* SubsequentVC.swift in Sources */,
				8FD8525C2443C8D100B52423 /* EvtDetailsTviCell.swift in Sources */,
				8FD86012243E45DB00F97660 /* NavigatoryControllatoryExtenxions.swift in Sources */,
				8FD852602443CB7B00B52423 /* EDVCextenxions.swift in Sources */,
				8FE65216244FA808005D8347 /* TableFlowAnimated.swift in Sources */,
				8FCEFD6E2446581B00ED986F /* GuestDetailsVC.swift in Sources */,
				8F5A87CA244E063600CBC9F0 /* TextFVCustomization.swift in Sources */,
			);
			runOnlyForDeploymentPostprocessing = 0;
		};
/* End PBXSourcesBuildPhase section */

/* Begin PBXVariantGroup section */
		8F7456792437A84B00135837 /* LaunchScreen.storyboard */ = {
			isa = PBXVariantGroup;
			children = (
				8F74567A2437A84B00135837 /* Base */,
			);
			name = LaunchScreen.storyboard;
			sourceTree = "<group>";
		};
		8FD852582443B83100B52423 /* Main.storyboard */ = {
			isa = PBXVariantGroup;
			children = (
				8FD852592443B83100B52423 /* Base */,
			);
			name = Main.storyboard;
			sourceTree = "<group>";
		};
/* End PBXVariantGroup section */

/* Begin XCBuildConfiguration section */
		8F74567D2437A84B00135837 /* Debug */ = {
			isa = XCBuildConfiguration;
			buildSettings = {
				ALWAYS_SEARCH_USER_PATHS = NO;
				CLANG_ANALYZER_NONNULL = YES;
				CLANG_ANALYZER_NUMBER_OBJECT_CONVERSION = YES_AGGRESSIVE;
				CLANG_CXX_LANGUAGE_STANDARD = "gnu++14";
				CLANG_CXX_LIBRARY = "libc++";
				CLANG_ENABLE_MODULES = YES;
				CLANG_ENABLE_OBJC_ARC = YES;
				CLANG_ENABLE_OBJC_WEAK = YES;
				CLANG_WARN_BLOCK_CAPTURE_AUTORELEASING = YES;
				CLANG_WARN_BOOL_CONVERSION = YES;
				CLANG_WARN_COMMA = YES;
				CLANG_WARN_CONSTANT_CONVERSION = YES;
				CLANG_WARN_DEPRECATED_OBJC_IMPLEMENTATIONS = YES;
				CLANG_WARN_DIRECT_OBJC_ISA_USAGE = YES_ERROR;
				CLANG_WARN_DOCUMENTATION_COMMENTS = YES;
				CLANG_WARN_EMPTY_BODY = YES;
				CLANG_WARN_ENUM_CONVERSION = YES;
				CLANG_WARN_INFINITE_RECURSION = YES;
				CLANG_WARN_INT_CONVERSION = YES;
				CLANG_WARN_NON_LITERAL_NULL_CONVERSION = YES;
				CLANG_WARN_OBJC_IMPLICIT_RETAIN_SELF = YES;
				CLANG_WARN_OBJC_LITERAL_CONVERSION = YES;
				CLANG_WARN_OBJC_ROOT_CLASS = YES_ERROR;
				CLANG_WARN_RANGE_LOOP_ANALYSIS = YES;
				CLANG_WARN_STRICT_PROTOTYPES = YES;
				CLANG_WARN_SUSPICIOUS_MOVE = YES;
				CLANG_WARN_UNGUARDED_AVAILABILITY = YES_AGGRESSIVE;
				CLANG_WARN_UNREACHABLE_CODE = YES;
				CLANG_WARN__DUPLICATE_METHOD_MATCH = YES;
				COPY_PHASE_STRIP = NO;
				DEBUG_INFORMATION_FORMAT = dwarf;
				ENABLE_STRICT_OBJC_MSGSEND = YES;
				ENABLE_TESTABILITY = YES;
				GCC_C_LANGUAGE_STANDARD = gnu11;
				GCC_DYNAMIC_NO_PIC = NO;
				GCC_NO_COMMON_BLOCKS = YES;
				GCC_OPTIMIZATION_LEVEL = 0;
				GCC_PREPROCESSOR_DEFINITIONS = (
					"DEBUG=1",
					"$(inherited)",
				);
				GCC_WARN_64_TO_32_BIT_CONVERSION = YES;
				GCC_WARN_ABOUT_RETURN_TYPE = YES_ERROR;
				GCC_WARN_UNDECLARED_SELECTOR = YES;
				GCC_WARN_UNINITIALIZED_AUTOS = YES_AGGRESSIVE;
				GCC_WARN_UNUSED_FUNCTION = YES;
				GCC_WARN_UNUSED_VARIABLE = YES;
				IPHONEOS_DEPLOYMENT_TARGET = 13.2;
				MTL_ENABLE_DEBUG_INFO = INCLUDE_SOURCE;
				MTL_FAST_MATH = YES;
				ONLY_ACTIVE_ARCH = YES;
				SDKROOT = iphoneos;
				SWIFT_ACTIVE_COMPILATION_CONDITIONS = DEBUG;
				SWIFT_OPTIMIZATION_LEVEL = "-Onone";
			};
			name = Debug;
		};
		8F74567E2437A84B00135837 /* Release */ = {
			isa = XCBuildConfiguration;
			buildSettings = {
				ALWAYS_SEARCH_USER_PATHS = NO;
				CLANG_ANALYZER_NONNULL = YES;
				CLANG_ANALYZER_NUMBER_OBJECT_CONVERSION = YES_AGGRESSIVE;
				CLANG_CXX_LANGUAGE_STANDARD = "gnu++14";
				CLANG_CXX_LIBRARY = "libc++";
				CLANG_ENABLE_MODULES = YES;
				CLANG_ENABLE_OBJC_ARC = YES;
				CLANG_ENABLE_OBJC_WEAK = YES;
				CLANG_WARN_BLOCK_CAPTURE_AUTORELEASING = YES;
				CLANG_WARN_BOOL_CONVERSION = YES;
				CLANG_WARN_COMMA = YES;
				CLANG_WARN_CONSTANT_CONVERSION = YES;
				CLANG_WARN_DEPRECATED_OBJC_IMPLEMENTATIONS = YES;
				CLANG_WARN_DIRECT_OBJC_ISA_USAGE = YES_ERROR;
				CLANG_WARN_DOCUMENTATION_COMMENTS = YES;
				CLANG_WARN_EMPTY_BODY = YES;
				CLANG_WARN_ENUM_CONVERSION = YES;
				CLANG_WARN_INFINITE_RECURSION = YES;
				CLANG_WARN_INT_CONVERSION = YES;
				CLANG_WARN_NON_LITERAL_NULL_CONVERSION = YES;
				CLANG_WARN_OBJC_IMPLICIT_RETAIN_SELF = YES;
				CLANG_WARN_OBJC_LITERAL_CONVERSION = YES;
				CLANG_WARN_OBJC_ROOT_CLASS = YES_ERROR;
				CLANG_WARN_RANGE_LOOP_ANALYSIS = YES;
				CLANG_WARN_STRICT_PROTOTYPES = YES;
				CLANG_WARN_SUSPICIOUS_MOVE = YES;
				CLANG_WARN_UNGUARDED_AVAILABILITY = YES_AGGRESSIVE;
				CLANG_WARN_UNREACHABLE_CODE = YES;
				CLANG_WARN__DUPLICATE_METHOD_MATCH = YES;
				COPY_PHASE_STRIP = NO;
				DEBUG_INFORMATION_FORMAT = "dwarf-with-dsym";
				ENABLE_NS_ASSERTIONS = NO;
				ENABLE_STRICT_OBJC_MSGSEND = YES;
				GCC_C_LANGUAGE_STANDARD = gnu11;
				GCC_NO_COMMON_BLOCKS = YES;
				GCC_WARN_64_TO_32_BIT_CONVERSION = YES;
				GCC_WARN_ABOUT_RETURN_TYPE = YES_ERROR;
				GCC_WARN_UNDECLARED_SELECTOR = YES;
				GCC_WARN_UNINITIALIZED_AUTOS = YES_AGGRESSIVE;
				GCC_WARN_UNUSED_FUNCTION = YES;
				GCC_WARN_UNUSED_VARIABLE = YES;
				IPHONEOS_DEPLOYMENT_TARGET = 13.2;
				MTL_ENABLE_DEBUG_INFO = NO;
				MTL_FAST_MATH = YES;
				SDKROOT = iphoneos;
				SWIFT_COMPILATION_MODE = wholemodule;
				SWIFT_OPTIMIZATION_LEVEL = "-O";
				VALIDATE_PRODUCT = YES;
			};
			name = Release;
		};
		8F7456802437A84B00135837 /* Debug */ = {
			isa = XCBuildConfiguration;
			buildSettings = {
				ASSETCATALOG_COMPILER_APPICON_NAME = AppIcon;
				CODE_SIGN_STYLE = Automatic;
				INFOPLIST_FILE = ShabbatShalom/Info.plist;
				LD_RUNPATH_SEARCH_PATHS = (
					"$(inherited)",
					"@executable_path/Frameworks",
				);
				PRODUCT_BUNDLE_IDENTIFIER = com.JerryRen.ShabbatShalom;
				PRODUCT_NAME = "$(TARGET_NAME)";
				SWIFT_VERSION = 5.0;
				TARGETED_DEVICE_FAMILY = "1,2";
			};
			name = Debug;
		};
		8F7456812437A84B00135837 /* Release */ = {
			isa = XCBuildConfiguration;
			buildSettings = {
				ASSETCATALOG_COMPILER_APPICON_NAME = AppIcon;
				CODE_SIGN_STYLE = Automatic;
				INFOPLIST_FILE = ShabbatShalom/Info.plist;
				LD_RUNPATH_SEARCH_PATHS = (
					"$(inherited)",
					"@executable_path/Frameworks",
				);
				PRODUCT_BUNDLE_IDENTIFIER = com.JerryRen.ShabbatShalom;
				PRODUCT_NAME = "$(TARGET_NAME)";
				SWIFT_VERSION = 5.0;
				TARGETED_DEVICE_FAMILY = "1,2";
			};
			name = Release;
		};
/* End XCBuildConfiguration section */

/* Begin XCConfigurationList section */
		8F7456632437A84900135837 /* Build configuration list for PBXProject "ShabbatShalom" */ = {
			isa = XCConfigurationList;
			buildConfigurations = (
				8F74567D2437A84B00135837 /* Debug */,
				8F74567E2437A84B00135837 /* Release */,
			);
			defaultConfigurationIsVisible = 0;
			defaultConfigurationName = Release;
		};
		8F74567F2437A84B00135837 /* Build configuration list for PBXNativeTarget "ShabbatShalom" */ = {
			isa = XCConfigurationList;
			buildConfigurations = (
				8F7456802437A84B00135837 /* Debug */,
				8F7456812437A84B00135837 /* Release */,
			);
			defaultConfigurationIsVisible = 0;
			defaultConfigurationName = Release;
		};
/* End XCConfigurationList section */
	};
	rootObject = 8F7456602437A84900135837 /* Project object */;
}
